
Microsoft Visual Studio Solution File, Format Version 12.00
# Visual Studio Version 17
VisualStudioVersion = 17.10.35013.160
MinimumVisualStudioVersion = 10.0.40219.1
Project("{9A19103F-16F7-4668-BE54-9A1E7A4F7556}") = "CourseEnrollment", "CourseEnrollment\CourseEnrollment.csproj", "{3D031F6F-18EF-44EF-BB11-BA7752192B41}"
EndProject
Project("{FAE04EC0-301F-11D3-BF4B-00C04F79EFBC}") = "DAL", "DAL\DAL.csproj", "{C93754C9-4957-43A5-96D8-6159559F9652}"
EndProject
Project("{FAE04EC0-301F-11D3-BF4B-00C04F79EFBC}") = "Repository", "Repository\Repository.csproj", "{585C6F11-5483-4595-BB22-E6450B3F38E9}"
EndProject
Global
	GlobalSection(SolutionConfigurationPlatforms) = preSolution
		Debug|Any CPU = Debug|Any CPU
		Release|Any CPU = Release|Any CPU
	EndGlobalSection
	GlobalSection(ProjectConfigurationPlatforms) = postSolution
		{3D031F6F-18EF-44EF-BB11-BA7752192B41}.Debug|Any CPU.ActiveCfg = Debug|Any CPU
		{3D031F6F-18EF-44EF-BB11-BA7752192B41}.Debug|Any CPU.Build.0 = Debug|Any CPU
		{3D031F6F-18EF-44EF-BB11-BA7752192B41}.Release|Any CPU.ActiveCfg = Release|Any CPU
		{3D031F6F-18EF-44EF-BB11-BA7752192B41}.Release|Any CPU.Build.0 = Release|Any CPU
		{C93754C9-4957-43A5-96D8-6159559F9652}.Debug|Any CPU.ActiveCfg = Debug|Any CPU
		{C93754C9-4957-43A5-96D8-6159559F9652}.Debug|Any CPU.Build.0 = Debug|Any CPU
		{C93754C9-4957-43A5-96D8-6159559F9652}.Release|Any CPU.ActiveCfg = Release|Any CPU
		{C93754C9-4957-43A5-96D8-6159559F9652}.Release|Any CPU.Build.0 = Release|Any CPU
		{585C6F11-5483-4595-BB22-E6450B3F38E9}.Debug|Any CPU.ActiveCfg = Debug|Any CPU
		{585C6F11-5483-4595-BB22-E6450B3F38E9}.Debug|Any CPU.Build.0 = Debug|Any CPU
		{585C6F11-5483-4595-BB22-E6450B3F38E9}.Release|Any CPU.ActiveCfg = Release|Any CPU
		{585C6F11-5483-4595-BB22-E6450B3F38E9}.Release|Any CPU.Build.0 = Release|Any CPU
	EndGlobalSection
	GlobalSection(SolutionProperties) = preSolution
		HideSolutionNode = FALSE
	EndGlobalSection
	GlobalSection(ExtensibilityGlobals) = postSolution
		SolutionGuid = {CED3DA83-294F-4402-A65B-6D709CBC9D15}
	EndGlobalSection
EndGlobal
